{
  "name": "homebridge-knx-accessories",
  "version": "1.0.0",
  "lockfileVersion": 1,
  "requires": true,
  "dependencies": {
    "color-convert": {
      "version": "2.0.1",
      "resolved": "https://registry.npmjs.org/color-convert/-/color-convert-2.0.1.tgz",
      "integrity": "sha512-RRECPsj7iu/xb5oKYcsFHSppFNnsj/52OVTRKb4zP5onXwVF3zVmmToNcOfGC+CRDpfK/U584fMg38ZHCaElKQ==",
      "requires": {
        "color-name": "~1.1.4"
      }
    },
    "color-name": {
      "version": "1.1.4",
      "resolved": "https://registry.npmjs.org/color-name/-/color-name-1.1.4.tgz",
      "integrity": "sha512-dOy+3AuW3a2wNbZHIuMZpTcgjGuLU/uBL/ubcZF9OXbDo8ff4O8yVp5Bf0efS8uEoYo5q4Fx7dY9OgQGXgAsQA=="
    },
    "half": {
      "version": "0.0.1",
      "resolved": "https://registry.npmjs.org/half/-/half-0.0.1.tgz",
      "integrity": "sha512-bBO2qcjumibMXI/UdauCxbQK+cVt5o37zPw71o60meScUKJzW5ZH6+VyOJVQMDNjyMdkrXeQi5GvX32aCVOCUQ=="
    },
    "ieee-float": {
      "version": "0.6.0",
      "resolved": "https://registry.npmjs.org/ieee-float/-/ieee-float-0.6.0.tgz",
      "integrity": "sha512-H2zO/AxQRIkRfdPN8vkI6qkgb2a3Gyb/T0Y+4fwCruyyZBE3voMgeA6gJOnRfHDQdj1eN/bBZ7Cn15wyMVQaNw=="
    }
  }
}
